
Microsoft Visual Studio Solution File, Format Version 12.00
# Visual Studio 2012
Project("{FAE04EC0-301F-11D3-BF4B-00C04F79EFBC}") = "DisHekimi", "DisHekimi\DisHekimi.csproj", "{DEBEB1F3-D34C-4082-8900-C5609C60BEBB}"
EndProject
Global
	GlobalSection(SolutionConfigurationPlatforms) = preSolution
		Debug|Any CPU = Debug|Any CPU
		Release|Any CPU = Release|Any CPU
	EndGlobalSection
	GlobalSection(ProjectConfigurationPlatforms) = postSolution
		{DEBEB1F3-D34C-4082-8900-C5609C60BEBB}.Debug|Any CPU.ActiveCfg = Debug|Any CPU
		{DEBEB1F3-D34C-4082-8900-C5609C60BEBB}.Debug|Any CPU.Build.0 = Debug|Any CPU
		{DEBEB1F3-D34C-4082-8900-C5609C60BEBB}.Release|Any CPU.ActiveCfg = Release|Any CPU
		{DEBEB1F3-D34C-4082-8900-C5609C60BEBB}.Release|Any CPU.Build.0 = Release|Any CPU
	EndGlobalSection
	GlobalSection(SolutionProperties) = preSolution
		HideSolutionNode = FALSE
	EndGlobalSection
EndGlobal
